// !$*UTF8*$!
{
	archiveVersion = 1;
	classes = {
	};
	objectVersion = 46;
	objects = {

/* Begin PBXBuildFile section */
		0634FB071EE8B5D200AE0258 /* main.cpp in Sources */ = {isa = PBXBuildFile; fileRef = 0634FB061EE8B5D200AE0258 /* main.cpp */; };
		0634FB0F1EE8B67A00AE0258 /* Pilha.cpp in Sources */ = {isa = PBXBuildFile; fileRef = 0634FB0D1EE8B67A00AE0258 /* Pilha.cpp */; };
		0634FB171EEA03B400AE0258 /* Fila.cpp in Sources */ = {isa = PBXBuildFile; fileRef = 0634FB151EEA03B400AE0258 /* Fila.cpp */; };
		E97DE6011EF7002E00897226 /* No.cpp in Sources */ = {isa = PBXBuildFile; fileRef = E97DE5FF1EF7002E00897226 /* No.cpp */; };
		E97DE6041EF7053000897226 /* Lista.cpp in Sources */ = {isa = PBXBuildFile; fileRef = E97DE6021EF7053000897226 /* Lista.cpp */; };
/* End PBXBuildFile section */

/* Begin PBXCopyFilesBuildPhase section */
		0634FB011EE8B5D200AE0258 /* CopyFiles */ = {
			isa = PBXCopyFilesBuildPhase;
			buildActionMask = 2147483647;
			dstPath = /usr/share/man/man1/;
			dstSubfolderSpec = 0;
			files = (
			);
			runOnlyForDeploymentPostprocessing = 1;
		};
/* End PBXCopyFilesBuildPhase section */

/* Begin PBXFileReference section */
		0634FB031EE8B5D200AE0258 /* computacao.cientifica.algoritmos */ = {isa = PBXFileReference; explicitFileType = "compiled.mach-o.executable"; includeInIndex = 0; path = computacao.cientifica.algoritmos; sourceTree = BUILT_PRODUCTS_DIR; };
		0634FB061EE8B5D200AE0258 /* main.cpp */ = {isa = PBXFileReference; lastKnownFileType = sourcecode.cpp.cpp; name = main.cpp; path = computacao.cientifica.algoritmos/main.cpp; sourceTree = "<group>"; };
		0634FB0D1EE8B67A00AE0258 /* Pilha.cpp */ = {isa = PBXFileReference; fileEncoding = 4; lastKnownFileType = sourcecode.cpp.cpp; path = Pilha.cpp; sourceTree = "<group>"; };
		0634FB0E1EE8B67A00AE0258 /* Pilha.hpp */ = {isa = PBXFileReference; fileEncoding = 4; lastKnownFileType = sourcecode.cpp.h; path = Pilha.hpp; sourceTree = "<group>"; };
		0634FB151EEA03B400AE0258 /* Fila.cpp */ = {isa = PBXFileReference; fileEncoding = 4; lastKnownFileType = sourcecode.cpp.cpp; name = Fila.cpp; path = computacao.cientifica.algoritmos/Fila.cpp; sourceTree = "<group>"; };
		0634FB161EEA03B400AE0258 /* Fila.hpp */ = {isa = PBXFileReference; fileEncoding = 4; lastKnownFileType = sourcecode.cpp.h; name = Fila.hpp; path = computacao.cientifica.algoritmos/Fila.hpp; sourceTree = "<group>"; };
		E97DE5FF1EF7002E00897226 /* No.cpp */ = {isa = PBXFileReference; fileEncoding = 4; lastKnownFileType = sourcecode.cpp.cpp; name = No.cpp; path = computacao.cientifica.algoritmos/No.cpp; sourceTree = "<group>"; };
		E97DE6001EF7002E00897226 /* No.hpp */ = {isa = PBXFileReference; fileEncoding = 4; lastKnownFileType = sourcecode.cpp.h; name = No.hpp; path = computacao.cientifica.algoritmos/No.hpp; sourceTree = "<group>"; };
		E97DE6021EF7053000897226 /* Lista.cpp */ = {isa = PBXFileReference; fileEncoding = 4; lastKnownFileType = sourcecode.cpp.cpp; name = Lista.cpp; path = computacao.cientifica.algoritmos/Lista.cpp; sourceTree = "<group>"; };
		E97DE6031EF7053000897226 /* Lista.hpp */ = {isa = PBXFileReference; fileEncoding = 4; lastKnownFileType = sourcecode.cpp.h; name = Lista.hpp; path = computacao.cientifica.algoritmos/Lista.hpp; sourceTree = "<group>"; };
/* End PBXFileReference section */

/* Begin PBXFrameworksBuildPhase section */
		0634FB001EE8B5D200AE0258 /* Frameworks */ = {
			isa = PBXFrameworksBuildPhase;
			buildActionMask = 2147483647;
			files = (
			);
			runOnlyForDeploymentPostprocessing = 0;
		};
/* End PBXFrameworksBuildPhase section */

/* Begin PBXGroup section */
		0634FAFA1EE8B5D200AE0258 = {
			isa = PBXGroup;
			children = (
				E97DE5FE1EF6FFC200897226 /* computacao.cientifica.algoritmos.lista */,
				0634FB141EEA01C600AE0258 /* computacao.cientifica.algoritmos.main */,
				0634FB101EE9FCCA00AE0258 /* computacao.cientifica.algoritmos.fila */,
				0634FB051EE8B5D200AE0258 /* computacao.cientifica.algoritmos.pilha */,
				0634FB041EE8B5D200AE0258 /* Products */,
			);
			sourceTree = "<group>";
		};
		0634FB041EE8B5D200AE0258 /* Products */ = {
			isa = PBXGroup;
			children = (
				0634FB031EE8B5D200AE0258 /* computacao.cientifica.algoritmos */,
			);
			name = Products;
			sourceTree = "<group>";
		};
		0634FB051EE8B5D200AE0258 /* computacao.cientifica.algoritmos.pilha */ = {
			isa = PBXGroup;
			children = (
				0634FB0D1EE8B67A00AE0258 /* Pilha.cpp */,
				0634FB0E1EE8B67A00AE0258 /* Pilha.hpp */,
			);
			name = computacao.cientifica.algoritmos.pilha;
			path = computacao.cientifica.algoritmos;
			sourceTree = "<group>";
		};
		0634FB101EE9FCCA00AE0258 /* computacao.cientifica.algoritmos.fila */ = {
			isa = PBXGroup;
			children = (
				0634FB151EEA03B400AE0258 /* Fila.cpp */,
				0634FB161EEA03B400AE0258 /* Fila.hpp */,
			);
			name = computacao.cientifica.algoritmos.fila;
			sourceTree = "<group>";
		};
		0634FB141EEA01C600AE0258 /* computacao.cientifica.algoritmos.main */ = {
			isa = PBXGroup;
			children = (
				0634FB061EE8B5D200AE0258 /* main.cpp */,
			);
			name = computacao.cientifica.algoritmos.main;
			sourceTree = "<group>";
		};
		E97DE5FE1EF6FFC200897226 /* computacao.cientifica.algoritmos.lista */ = {
			isa = PBXGroup;
			children = (
				E97DE5FF1EF7002E00897226 /* No.cpp */,
				E97DE6001EF7002E00897226 /* No.hpp */,
				E97DE6021EF7053000897226 /* Lista.cpp */,
				E97DE6031EF7053000897226 /* Lista.hpp */,
			);
			name = computacao.cientifica.algoritmos.lista;
			sourceTree = "<group>";
		};
/* End PBXGroup section */

/* Begin PBXNativeTarget section */
		0634FB021EE8B5D200AE0258 /* computacao.cientifica.algoritmos */ = {
			isa = PBXNativeTarget;
			buildConfigurationList = 0634FB0A1EE8B5D200AE0258 /* Build configuration list for PBXNativeTarget "computacao.cientifica.algoritmos" */;
			buildPhases = (
				0634FAFF1EE8B5D200AE0258 /* Sources */,
				0634FB001EE8B5D200AE0258 /* Frameworks */,
				0634FB011EE8B5D200AE0258 /* CopyFiles */,
			);
			buildRules = (
			);
			dependencies = (
			);
			name = computacao.cientifica.algoritmos;
			productName = computacao.cientifica.algoritmos;
			productReference = 0634FB031EE8B5D200AE0258 /* computacao.cientifica.algoritmos */;
			productType = "com.apple.product-type.tool";
		};
/* End PBXNativeTarget section */

/* Begin PBXProject section */
		0634FAFB1EE8B5D200AE0258 /* Project object */ = {
			isa = PBXProject;
			attributes = {
				LastUpgradeCheck = 0820;
				ORGANIZATIONNAME = "Rafael Thomas Salgado";
				TargetAttributes = {
					0634FB021EE8B5D200AE0258 = {
						CreatedOnToolsVersion = 8.2.1;
						ProvisioningStyle = Automatic;
					};
				};
			};
			buildConfigurationList = 0634FAFE1EE8B5D200AE0258 /* Build configuration list for PBXProject "computacao.cientifica.algoritmos" */;
			compatibilityVersion = "Xcode 3.2";
			developmentRegion = English;
			hasScannedForEncodings = 0;
			knownRegions = (
				en,
			);
			mainGroup = 0634FAFA1EE8B5D200AE0258;
			productRefGroup = 0634FB041EE8B5D200AE0258 /* Products */;
			projectDirPath = "";
			projectRoot = "";
			targets = (
				0634FB021EE8B5D200AE0258 /* computacao.cientifica.algoritmos */,
			);
		};
/* End PBXProject section */

/* Begin PBXSourcesBuildPhase section */
		0634FAFF1EE8B5D200AE0258 /* Sources */ = {
			isa = PBXSourcesBuildPhase;
			buildActionMask = 2147483647;
			files = (
				E97DE6011EF7002E00897226 /* No.cpp in Sources */,
				0634FB171EEA03B400AE0258 /* Fila.cpp in Sources */,
				0634FB0F1EE8B67A00AE0258 /* Pilha.cpp in Sources */,
				E97DE6041EF7053000897226 /* Lista.cpp in Sources */,
				0634FB071EE8B5D200AE0258 /* main.cpp in Sources */,
			);
			runOnlyForDeploymentPostprocessing = 0;
		};
/* End PBXSourcesBuildPhase section */

/* Begin XCBuildConfiguration section */
		0634FB081EE8B5D200AE0258 /* Debug */ = {
			isa = XCBuildConfiguration;
			buildSettings = {
				ALWAYS_SEARCH_USER_PATHS = NO;
				CLANG_ANALYZER_NONNULL = YES;
				CLANG_CXX_LANGUAGE_STANDARD = "gnu++0x";
				CLANG_CXX_LIBRARY = "libc++";
				CLANG_ENABLE_MODULES = YES;
				CLANG_ENABLE_OBJC_ARC = YES;
				CLANG_WARN_BOOL_CONVERSION = YES;
				CLANG_WARN_CONSTANT_CONVERSION = YES;
				CLANG_WARN_DIRECT_OBJC_ISA_USAGE = YES_ERROR;
				CLANG_WARN_DOCUMENTATION_COMMENTS = YES;
				CLANG_WARN_EMPTY_BODY = YES;
				CLANG_WARN_ENUM_CONVERSION = YES;
				CLANG_WARN_INFINITE_RECURSION = YES;
				CLANG_WARN_INT_CONVERSION = YES;
				CLANG_WARN_OBJC_ROOT_CLASS = YES_ERROR;
				CLANG_WARN_SUSPICIOUS_MOVE = YES;
				CLANG_WARN_UNREACHABLE_CODE = YES;
				CLANG_WARN__DUPLICATE_METHOD_MATCH = YES;
				CODE_SIGN_IDENTITY = "-";
				COPY_PHASE_STRIP = NO;
				DEBUG_INFORMATION_FORMAT = dwarf;
				ENABLE_STRICT_OBJC_MSGSEND = YES;
				ENABLE_TESTABILITY = YES;
				GCC_C_LANGUAGE_STANDARD = gnu99;
				GCC_DYNAMIC_NO_PIC = NO;
				GCC_NO_COMMON_BLOCKS = YES;
				GCC_OPTIMIZATION_LEVEL = 0;
				GCC_PREPROCESSOR_DEFINITIONS = (
					"DEBUG=1",
					"$(inherited)",
				);
				GCC_WARN_64_TO_32_BIT_CONVERSION = YES;
				GCC_WARN_ABOUT_RETURN_TYPE = YES_ERROR;
				GCC_WARN_UNDECLARED_SELECTOR = YES;
				GCC_WARN_UNINITIALIZED_AUTOS = YES_AGGRESSIVE;
				GCC_WARN_UNUSED_FUNCTION = YES;
				GCC_WARN_UNUSED_VARIABLE = YES;
				MACOSX_DEPLOYMENT_TARGET = 10.11;
				MTL_ENABLE_DEBUG_INFO = YES;
				ONLY_ACTIVE_ARCH = YES;
				SDKROOT = macosx;
			};
			name = Debug;
		};
		0634FB091EE8B5D200AE0258 /* Release */ = {
			isa = XCBuildConfiguration;
			buildSettings = {
				ALWAYS_SEARCH_USER_PATHS = NO;
				CLANG_ANALYZER_NONNULL = YES;
				CLANG_CXX_LANGUAGE_STANDARD = "gnu++0x";
				CLANG_CXX_LIBRARY = "libc++";
				CLANG_ENABLE_MODULES = YES;
				CLANG_ENABLE_OBJC_ARC = YES;
				CLANG_WARN_BOOL_CONVERSION = YES;
				CLANG_WARN_CONSTANT_CONVERSION = YES;
				CLANG_WARN_DIRECT_OBJC_ISA_USAGE = YES_ERROR;
				CLANG_WARN_DOCUMENTATION_COMMENTS = YES;
				CLANG_WARN_EMPTY_BODY = YES;
				CLANG_WARN_ENUM_CONVERSION = YES;
				CLANG_WARN_INFINITE_RECURSION = YES;
				CLANG_WARN_INT_CONVERSION = YES;
				CLANG_WARN_OBJC_ROOT_CLASS = YES_ERROR;
				CLANG_WARN_SUSPICIOUS_MOVE = YES;
				CLANG_WARN_UNREACHABLE_CODE = YES;
				CLANG_WARN__DUPLICATE_METHOD_MATCH = YES;
				CODE_SIGN_IDENTITY = "-";
				COPY_PHASE_STRIP = NO;
				DEBUG_INFORMATION_FORMAT = "dwarf-with-dsym";
				ENABLE_NS_ASSERTIONS = NO;
				ENABLE_STRICT_OBJC_MSGSEND = YES;
				GCC_C_LANGUAGE_STANDARD = gnu99;
				GCC_NO_COMMON_BLOCKS = YES;
				GCC_WARN_64_TO_32_BIT_CONVERSION = YES;
				GCC_WARN_ABOUT_RETURN_TYPE = YES_ERROR;
				GCC_WARN_UNDECLARED_SELECTOR = YES;
				GCC_WARN_UNINITIALIZED_AUTOS = YES_AGGRESSIVE;
				GCC_WARN_UNUSED_FUNCTION = YES;
				GCC_WARN_UNUSED_VARIABLE = YES;
				MACOSX_DEPLOYMENT_TARGET = 10.11;
				MTL_ENABLE_DEBUG_INFO = NO;
				SDKROOT = macosx;
			};
			name = Release;
		};
		0634FB0B1EE8B5D200AE0258 /* Debug */ = {
			isa = XCBuildConfiguration;
			buildSettings = {
				PRODUCT_NAME = "$(TARGET_NAME)";
			};
			name = Debug;
		};
		0634FB0C1EE8B5D200AE0258 /* Release */ = {
			isa = XCBuildConfiguration;
			buildSettings = {
				PRODUCT_NAME = "$(TARGET_NAME)";
			};
			name = Release;
		};
/* End XCBuildConfiguration section */

/* Begin XCConfigurationList section */
		0634FAFE1EE8B5D200AE0258 /* Build configuration list for PBXProject "computacao.cientifica.algoritmos" */ = {
			isa = XCConfigurationList;
			buildConfigurations = (
				0634FB081EE8B5D200AE0258 /* Debug */,
				0634FB091EE8B5D200AE0258 /* Release */,
			);
			defaultConfigurationIsVisible = 0;
			defaultConfigurationName = Release;
		};
		0634FB0A1EE8B5D200AE0258 /* Build configuration list for PBXNativeTarget "computacao.cientifica.algoritmos" */ = {
			isa = XCConfigurationList;
			buildConfigurations = (
				0634FB0B1EE8B5D200AE0258 /* Debug */,
				0634FB0C1EE8B5D200AE0258 /* Release */,
			);
			defaultConfigurationIsVisible = 0;
			defaultConfigurationName = Release;
		};
/* End XCConfigurationList section */
	};
	rootObject = 0634FAFB1EE8B5D200AE0258 /* Project object */;
}
